{
  "name": "ys-mutify",
  "version": "1.0.13",
  "lockfileVersion": 1,
  "requires": true,
  "dependencies": {
    "any-promise": {
      "version": "1.3.0",
      "resolved": "http://npm.51.nb/any-promise/download/any-promise-1.3.0.tgz",
      "integrity": "sha1-q8av7tzqUugJzcA3au0845Y10X8="
    },
    "async-events-listener": {
      "version": "1.0.0",
      "resolved": "http://npm.51.nb/async-events-listener/download/async-events-listener-1.0.0.tgz",
      "integrity": "sha1-DWViWZEcRAK3W1c2S6AwEzNELXM="
    },
    "copy-to": {
      "version": "2.0.1",
      "resolved": "http://npm.51.nb/copy-to/download/copy-to-2.0.1.tgz",
      "integrity": "sha1-JoD7uAaKSNCGVrYJgJK9r8kG9KU="
    },
    "debug": {
      "version": "3.1.0",
      "resolved": "http://npm.51.nb/debug/download/debug-3.1.0.tgz",
      "integrity": "sha1-W7WgZyYotkFJVmuhaBnmFRjGcmE=",
      "requires": {
        "ms": "2.0.0"
      }
    },
    "escape-html": {
      "version": "1.0.3",
      "resolved": "http://npm.51.nb/escape-html/download/escape-html-1.0.3.tgz",
      "integrity": "sha1-Aljq5NPQwJdN4cFpGI7wBR0dGYg="
    },
    "ipc-message": {
      "version": "1.0.10",
      "resolved": "http://npm.51.nb/ipc-message/download/ipc-message-1.0.10.tgz",
      "integrity": "sha1-7KLW6L50kIzy70KaXPPocrUkg1g=",
      "requires": {
        "async-events-listener": "1.0.0"
      }
    },
    "minimist": {
      "version": "0.0.8",
      "resolved": "http://npm.51.nb/minimist/download/minimist-0.0.8.tgz",
      "integrity": "sha1-hX/Kv8M5fSYluCKCYuhqp6ARsF0="
    },
    "miox-compose": {
      "version": "5.1.17",
      "resolved": "http://npm.51.nb/miox-compose/download/miox-compose-5.1.17.tgz",
      "integrity": "sha1-IHX//dr/5+xIBcyOnW/NVNy6QEk="
    },
    "mkdirp": {
      "version": "0.5.1",
      "resolved": "http://npm.51.nb/mkdirp/download/mkdirp-0.5.1.tgz",
      "integrity": "sha1-MAV0OOrGz3+MR2fzhkjWaX11yQM=",
      "requires": {
        "minimist": "0.0.8"
      }
    },
    "ms": {
      "version": "2.0.0",
      "resolved": "http://npm.51.nb/ms/download/ms-2.0.0.tgz",
      "integrity": "sha1-VgiurfwAvmwpAd9fmGF4jeDVl8g="
    },
    "mz": {
      "version": "2.7.0",
      "resolved": "http://npm.51.nb/mz/download/mz-2.7.0.tgz",
      "integrity": "sha1-lQCAV6Vsr63CvGPd5/n/aVWUjjI=",
      "requires": {
        "any-promise": "1.3.0",
        "object-assign": "4.1.1",
        "thenify-all": "1.6.0"
      }
    },
    "object-assign": {
      "version": "4.1.1",
      "resolved": "http://npm.51.nb/object-assign/download/object-assign-4.1.1.tgz",
      "integrity": "sha1-IQmtx5ZYh8/AXLvUQsrIv7s2CGM="
    },
    "thenify": {
      "version": "3.3.0",
      "resolved": "http://npm.51.nb/thenify/download/thenify-3.3.0.tgz",
      "integrity": "sha1-5p44obq+lpsBCCB5eLn2K4hgSDk=",
      "requires": {
        "any-promise": "1.3.0"
      }
    },
    "thenify-all": {
      "version": "1.6.0",
      "resolved": "http://npm.51.nb/thenify-all/download/thenify-all-1.6.0.tgz",
      "integrity": "sha1-GhkY1ALY/D+Y+/I02wvMjMEOlyY=",
      "requires": {
        "thenify": "3.3.0"
      }
    },
    "utility": {
      "version": "1.13.1",
      "resolved": "http://npm.51.nb/utility/download/utility-1.13.1.tgz",
      "integrity": "sha1-nXLhReSeTFoh8sMHsLr1dSNQI/Q=",
      "requires": {
        "copy-to": "2.0.1",
        "escape-html": "1.0.3",
        "mkdirp": "0.5.1",
        "mz": "2.7.0"
      }
    },
    "ys-utils": {
      "version": "1.0.15",
      "resolved": "http://npm.51.nb/ys-utils/download/ys-utils-1.0.15.tgz",
      "integrity": "sha1-T3/MxISHtza593vuk85dmfEsg7M=",
      "requires": {
        "utility": "1.13.1"
      }
    }
  }
}
